
Microsoft Visual Studio Solution File, Format Version 12.00
# Visual Studio 15
VisualStudioVersion = 15.0.28307.1022
MinimumVisualStudioVersion = 10.0.40219.1
Project("{FAE04EC0-301F-11D3-BF4B-00C04F79EFBC}") = "COVID_Management", "COVID_Management.csproj", "{CA9C4284-1685-4CB4-87FA-F1922B430C4E}"
EndProject
Global
	GlobalSection(SolutionConfigurationPlatforms) = preSolution
		Debug|Any CPU = Debug|Any CPU
		Release|Any CPU = Release|Any CPU
	EndGlobalSection
	GlobalSection(ProjectConfigurationPlatforms) = postSolution
		{CA9C4284-1685-4CB4-87FA-F1922B430C4E}.Debug|Any CPU.ActiveCfg = Debug|Any CPU
		{CA9C4284-1685-4CB4-87FA-F1922B430C4E}.Debug|Any CPU.Build.0 = Debug|Any CPU
		{CA9C4284-1685-4CB4-87FA-F1922B430C4E}.Release|Any CPU.ActiveCfg = Release|Any CPU
		{CA9C4284-1685-4CB4-87FA-F1922B430C4E}.Release|Any CPU.Build.0 = Release|Any CPU
	EndGlobalSection
	GlobalSection(SolutionProperties) = preSolution
		HideSolutionNode = FALSE
	EndGlobalSection
	GlobalSection(ExtensibilityGlobals) = postSolution
		SolutionGuid = {BDE484C5-B7D1-4BB3-85F1-61AF8468C759}
	EndGlobalSection
EndGlobal
